
Microsoft Visual Studio Solution File, Format Version 12.00
# Visual Studio Version 16
VisualStudioVersion = 16.0.29519.87
MinimumVisualStudioVersion = 10.0.40219.1
Project("{F184B08F-C81C-45F6-A57F-5ABD9991F28F}") = "AngularJSFirstAPP", "AngularJSFirstAPP\AngularJSFirstAPP.vbproj", "{32A120C5-D9B1-4375-9244-AE4475151533}"
EndProject
Global
	GlobalSection(SolutionConfigurationPlatforms) = preSolution
		Debug|Any CPU = Debug|Any CPU
		Release|Any CPU = Release|Any CPU
	EndGlobalSection
	GlobalSection(ProjectConfigurationPlatforms) = postSolution
		{32A120C5-D9B1-4375-9244-AE4475151533}.Debug|Any CPU.ActiveCfg = Debug|Any CPU
		{32A120C5-D9B1-4375-9244-AE4475151533}.Debug|Any CPU.Build.0 = Debug|Any CPU
		{32A120C5-D9B1-4375-9244-AE4475151533}.Release|Any CPU.ActiveCfg = Release|Any CPU
		{32A120C5-D9B1-4375-9244-AE4475151533}.Release|Any CPU.Build.0 = Release|Any CPU
	EndGlobalSection
	GlobalSection(SolutionProperties) = preSolution
		HideSolutionNode = FALSE
	EndGlobalSection
	GlobalSection(ExtensibilityGlobals) = postSolution
		SolutionGuid = {7501BA81-DC53-44C5-8513-51ABF88472D3}
	EndGlobalSection
EndGlobal
